
Microsoft Visual Studio Solution File, Format Version 12.00
# Visual Studio Version 17
VisualStudioVersion = 17.3.32901.215
MinimumVisualStudioVersion = 10.0.40219.1
Project("{FAE04EC0-301F-11D3-BF4B-00C04F79EFBC}") = "okulcalisması-826", "okulcalisması-826\okulcalisması-826.csproj", "{A27CB674-D4E2-4443-8917-AC865AF9574C}"
EndProject
Global
	GlobalSection(SolutionConfigurationPlatforms) = preSolution
		Debug|Any CPU = Debug|Any CPU
		Release|Any CPU = Release|Any CPU
	EndGlobalSection
	GlobalSection(ProjectConfigurationPlatforms) = postSolution
		{A27CB674-D4E2-4443-8917-AC865AF9574C}.Debug|Any CPU.ActiveCfg = Debug|Any CPU
		{A27CB674-D4E2-4443-8917-AC865AF9574C}.Debug|Any CPU.Build.0 = Debug|Any CPU
		{A27CB674-D4E2-4443-8917-AC865AF9574C}.Release|Any CPU.ActiveCfg = Release|Any CPU
		{A27CB674-D4E2-4443-8917-AC865AF9574C}.Release|Any CPU.Build.0 = Release|Any CPU
	EndGlobalSection
	GlobalSection(SolutionProperties) = preSolution
		HideSolutionNode = FALSE
	EndGlobalSection
	GlobalSection(ExtensibilityGlobals) = postSolution
		SolutionGuid = {7F1B892B-87D7-4B96-AA5D-2D179B4D2CCD}
	EndGlobalSection
EndGlobal
